{
  "requires": true,
  "lockfileVersion": 1,
  "dependencies": {
    "@interactjs/actions": {
      "version": "1.6.3",
      "resolved": "https://registry.npmjs.org/@interactjs/actions/-/actions-1.6.3.tgz",
      "integrity": "sha512-1tdpTdDfw+M106MlwhQdaMaTrGV4DOoxzsjXVgVV2wdfpmfpR2gzkRdiK4ecDHJisK9KrXhO7Y+92dbuuTFiIQ=="
    },
    "@interactjs/auto-scroll": {
      "version": "1.6.3",
      "resolved": "https://registry.npmjs.org/@interactjs/auto-scroll/-/auto-scroll-1.6.3.tgz",
      "integrity": "sha512-wKqhirYmwKI8n2Fa1sMzx7biwBpKtTTXZpz7Xoi8xeAN5FNFJI+Xj2CMTYwLzDsZes8kew9SSSRT/HqoPuCXuA=="
    },
    "@interactjs/auto-start": {
      "version": "1.6.3",
      "resolved": "https://registry.npmjs.org/@interactjs/auto-start/-/auto-start-1.6.3.tgz",
      "integrity": "sha512-FbLf2aOZhiroc9vQqBOmjEpPo513kU2k8xd0FfnIo55czqPUnffeiu1BXZ+GwgE2V5Tk0c1uM3FP1ZILKE1hVg=="
    },
    "@interactjs/core": {
      "version": "1.6.3",
      "resolved": "https://registry.npmjs.org/@interactjs/core/-/core-1.6.3.tgz",
      "integrity": "sha512-R9/ciSdoaUKFold75APaDbXxz2Zah9482i5dsK+Twy/xEiJNyghDay4xFf2vG7TNBybGvuWVv1IR50PxGFJO6A=="
    },
    "@interactjs/dev-tools": {
      "version": "1.6.3",
      "resolved": "https://registry.npmjs.org/@interactjs/dev-tools/-/dev-tools-1.6.3.tgz",
      "integrity": "sha512-Rst39DOheg+fX5ujze0lkcWs2XmSyikC/LSx6wgm2rhDZ52UWD/FkJJPkPsgAf1ffUqFrwaQuHrrwR35UNRrBQ==",
      "requires": {
        "@interactjs/utils": "1.6.3"
      }
    },
    "@interactjs/inertia": {
      "version": "1.6.3",
      "resolved": "https://registry.npmjs.org/@interactjs/inertia/-/inertia-1.6.3.tgz",
      "integrity": "sha512-OIu8RFqsJXMZO6dXWKtOWbd+rFYjbnNVaAFwZMq118Vz6FYGA0uNuX93Hfxj7DHIzcEeSVzuP8q0wiGhr7i/2Q=="
    },
    "@interactjs/interact": {
      "version": "1.6.3",
      "resolved": "https://registry.npmjs.org/@interactjs/interact/-/interact-1.6.3.tgz",
      "integrity": "sha512-PDbtCjGJ9qiyfFK1CO/dt8BaioA+U5xuqLBFdSVs08Et//6EHkgZXqAz2fkEXvUaOA0Fz4Jqvmw9c1DZUUhzTg=="
    },
    "@interactjs/modifiers": {
      "version": "1.6.3",
      "resolved": "https://registry.npmjs.org/@interactjs/modifiers/-/modifiers-1.6.3.tgz",
      "integrity": "sha512-faIMw0z2NVNpLn1w1KuAnsY0lI/tEOnYWirk7axPCNVKO4/xYRqWRQVGQbB2jCtMeBeuHVv2jkKch3x2nItbCQ=="
    },
    "@interactjs/pointer-events": {
      "version": "1.6.3",
      "resolved": "https://registry.npmjs.org/@interactjs/pointer-events/-/pointer-events-1.6.3.tgz",
      "integrity": "sha512-PnMgD/+82ySC04jEVG85O0BTWKapBl9jo6jdouHwF2Q0HDfUzeWq4E5GCgkwQFwNujbKqsQ7+9A2F/apn5Hc4A=="
    },
    "@interactjs/reflow": {
      "version": "1.6.3",
      "resolved": "https://registry.npmjs.org/@interactjs/reflow/-/reflow-1.6.3.tgz",
      "integrity": "sha512-zVL37qgVeWalJhlDcXq5BG392GWowNDXAY4bkt04I0mxDbiT/424wtohRmNVE30FOKUJt8fc4V1g8tOSQoVhyQ=="
    },
    "@interactjs/types": {
      "version": "1.6.3",
      "resolved": "https://registry.npmjs.org/@interactjs/types/-/types-1.6.3.tgz",
      "integrity": "sha512-3crcLxpGI3A4e3EmDTk72BnZYugrrHU5RSqGlGNxLGSrvkkZ3boDQbIPC3dmdt9nEHRQcyxrMvwU6+fuKjirJg==",
      "requires": {
        "@interactjs/actions": "1.6.3",
        "@interactjs/auto-scroll": "1.6.3",
        "@interactjs/auto-start": "1.6.3",
        "@interactjs/core": "1.6.3",
        "@interactjs/dev-tools": "1.6.3",
        "@interactjs/inertia": "1.6.3",
        "@interactjs/interact": "1.6.3",
        "@interactjs/modifiers": "1.6.3",
        "@interactjs/pointer-events": "1.6.3",
        "@interactjs/reflow": "1.6.3",
        "@interactjs/utils": "1.6.3"
      }
    },
    "@interactjs/utils": {
      "version": "1.6.3",
      "resolved": "https://registry.npmjs.org/@interactjs/utils/-/utils-1.6.3.tgz",
      "integrity": "sha512-eBi/PaBcqwMKmFHzAisFnTyxjwlpgtTGpYLP4hZcf8ok7497d5ANENrtoWa2BzymYBwRayoHrwJPTaWapJui5g=="
    },
    "axios": {
      "version": "0.19.0",
      "resolved": "https://registry.npmjs.org/axios/-/axios-0.19.0.tgz",
      "integrity": "sha512-1uvKqKQta3KBxIz14F2v06AEHZ/dIoeKfbTRkK1E5oqjDnuEerLmYTgJB5AiQZHJcljpg1TuRzdjDR06qNk0DQ==",
      "requires": {
        "follow-redirects": "1.5.10",
        "is-buffer": "^2.0.2"
      }
    },
    "d3-color": {
      "version": "1.4.0",
      "resolved": "https://registry.npmjs.org/d3-color/-/d3-color-1.4.0.tgz",
      "integrity": "sha512-TzNPeJy2+iEepfiL92LAAB7fvnp/dV2YwANPVHdDWmYMm23qIJBYww3qT8I8C1wXrmrg4UWs7BKc2tKIgyjzHg=="
    },
    "d3-dispatch": {
      "version": "1.0.2",
      "resolved": "https://registry.npmjs.org/d3-dispatch/-/d3-dispatch-1.0.2.tgz",
      "integrity": "sha1-W1EeeaRqH4lJKEHAqPZWaH1dqgo="
    },
    "d3-drag": {
      "version": "1.2.3",
      "resolved": "https://registry.npmjs.org/d3-drag/-/d3-drag-1.2.3.tgz",
      "integrity": "sha512-8S3HWCAg+ilzjJsNtWW1Mutl74Nmzhb9yU6igspilaJzeZVFktmY6oO9xOh5TDk+BM2KrNFjttZNoJJmDnkjkg==",
      "requires": {
        "d3-dispatch": "1",
        "d3-selection": "1"
      }
    },
    "d3-ease": {
      "version": "1.0.5",
      "resolved": "https://registry.npmjs.org/d3-ease/-/d3-ease-1.0.5.tgz",
      "integrity": "sha512-Ct1O//ly5y5lFM9YTdu+ygq7LleSgSE4oj7vUt9tPLHUi8VCV7QoizGpdWRWAwCO9LdYzIrQDg97+hGVdsSGPQ=="
    },
    "d3-interpolate": {
      "version": "1.3.2",
      "resolved": "https://registry.npmjs.org/d3-interpolate/-/d3-interpolate-1.3.2.tgz",
      "integrity": "sha512-NlNKGopqaz9qM1PXh9gBF1KSCVh+jSFErrSlD/4hybwoNX/gt1d8CDbDW+3i+5UOHhjC6s6nMvRxcuoMVNgL2w==",
      "requires": {
        "d3-color": "1"
      }
    },
    "d3-path": {
      "version": "1.0.8",
      "resolved": "https://registry.npmjs.org/d3-path/-/d3-path-1.0.8.tgz",
      "integrity": "sha512-J6EfUNwcMQ+aM5YPOB8ZbgAZu6wc82f/0WFxrxwV6Ll8wBwLaHLKCqQ5Imub02JriCVVdPjgI+6P3a4EWJCxAg=="
    },
    "d3-selection": {
      "version": "1.4.0",
      "resolved": "https://registry.npmjs.org/d3-selection/-/d3-selection-1.4.0.tgz",
      "integrity": "sha512-EYVwBxQGEjLCKF2pJ4+yrErskDnz5v403qvAid96cNdCMr8rmCYfY5RGzWz24mdIbxmDf6/4EAH+K9xperD5jg=="
    },
    "d3-shape": {
      "version": "1.0.4",
      "resolved": "https://registry.npmjs.org/d3-shape/-/d3-shape-1.0.4.tgz",
      "integrity": "sha1-FF7hAMy+xC+OPxmWzQXHhvef4cY=",
      "requires": {
        "d3-path": "1"
      }
    },
    "d3-svg-annotation": {
      "version": "2.5.1",
      "resolved": "https://registry.npmjs.org/d3-svg-annotation/-/d3-svg-annotation-2.5.1.tgz",
      "integrity": "sha512-PXW39bunDsn2K6uiCUlZ919fnC29o8oIDzNJtKvz6xOMeNv53LyNkucn40YjLherNCrlx5JGsyEtw/DZcjAa4Q==",
      "requires": {
        "d3-dispatch": "1.0.2",
        "d3-drag": "1.2.3",
        "d3-selection": "1.4.0",
        "d3-shape": "1.0.4",
        "d3-transition": "1.0.3"
      }
    },
    "d3-timer": {
      "version": "1.0.9",
      "resolved": "https://registry.npmjs.org/d3-timer/-/d3-timer-1.0.9.tgz",
      "integrity": "sha512-rT34J5HnQUHhcLvhSB9GjCkN0Ddd5Y8nCwDBG2u6wQEeYxT/Lf51fTFFkldeib/sE/J0clIe0pnCfs6g/lRbyg=="
    },
    "d3-transition": {
      "version": "1.0.3",
      "resolved": "https://registry.npmjs.org/d3-transition/-/d3-transition-1.0.3.tgz",
      "integrity": "sha1-kdyYa92zCXNjkyCoXbcs5KsaJ7s=",
      "requires": {
        "d3-color": "1",
        "d3-dispatch": "1",
        "d3-ease": "1",
        "d3-interpolate": "1",
        "d3-selection": "1",
        "d3-timer": "1"
      }
    },
    "debug": {
      "version": "3.1.0",
      "resolved": "https://registry.npmjs.org/debug/-/debug-3.1.0.tgz",
      "integrity": "sha512-OX8XqP7/1a9cqkxYw2yXss15f26NKWBpDXQd0/uK/KPqdQhxbPa994hnzjcE2VqQpDslf55723cKPUOGSmMY3g==",
      "requires": {
        "ms": "2.0.0"
      }
    },
    "follow-redirects": {
      "version": "1.5.10",
      "resolved": "https://registry.npmjs.org/follow-redirects/-/follow-redirects-1.5.10.tgz",
      "integrity": "sha512-0V5l4Cizzvqt5D44aTXbFZz+FtyXV1vrDN6qrelxtfYQKW0KO0W2T/hkE8xvGa/540LkZlkaUjO4ailYTFtHVQ==",
      "requires": {
        "debug": "=3.1.0"
      }
    },
    "interactjs": {
      "version": "1.6.3",
      "resolved": "https://registry.npmjs.org/interactjs/-/interactjs-1.6.3.tgz",
      "integrity": "sha512-mGivT1/VtTrjrSyhA1ezNGa0njNsZgXSoTjbCcr4qTJzRnUM5Rs+CF9+zOWOlwTZ89PAoT9FlTTqODC3xo5FEA==",
      "requires": {
        "@interactjs/types": "1.6.3"
      }
    },
    "is-buffer": {
      "version": "2.0.4",
      "resolved": "https://registry.npmjs.org/is-buffer/-/is-buffer-2.0.4.tgz",
      "integrity": "sha512-Kq1rokWXOPXWuaMAqZiJW4XxsmD9zGx9q4aePabbn3qCRGedtH7Cm+zV8WETitMfu1wdh+Rvd6w5egwSngUX2A=="
    },
    "ms": {
      "version": "2.0.0",
      "resolved": "https://registry.npmjs.org/ms/-/ms-2.0.0.tgz",
      "integrity": "sha1-VgiurfwAvmwpAd9fmGF4jeDVl8g="
    }
  }
}
